
Microsoft Visual Studio Solution File, Format Version 12.00
# Visual Studio Version 16
VisualStudioVersion = 16.0.33423.256
MinimumVisualStudioVersion = 10.0.40219.1
Project("{FAE04EC0-301F-11D3-BF4B-00C04F79EFBC}") = "CrudLibros", "CrudLibros\CrudLibros.csproj", "{F3598A2E-AFD4-4B0B-BF5F-BD1AACA26FBE}"
EndProject
Global
	GlobalSection(SolutionConfigurationPlatforms) = preSolution
		Debug|Any CPU = Debug|Any CPU
		Release|Any CPU = Release|Any CPU
	EndGlobalSection
	GlobalSection(ProjectConfigurationPlatforms) = postSolution
		{F3598A2E-AFD4-4B0B-BF5F-BD1AACA26FBE}.Debug|Any CPU.ActiveCfg = Debug|Any CPU
		{F3598A2E-AFD4-4B0B-BF5F-BD1AACA26FBE}.Debug|Any CPU.Build.0 = Debug|Any CPU
		{F3598A2E-AFD4-4B0B-BF5F-BD1AACA26FBE}.Release|Any CPU.ActiveCfg = Release|Any CPU
		{F3598A2E-AFD4-4B0B-BF5F-BD1AACA26FBE}.Release|Any CPU.Build.0 = Release|Any CPU
	EndGlobalSection
	GlobalSection(SolutionProperties) = preSolution
		HideSolutionNode = FALSE
	EndGlobalSection
	GlobalSection(ExtensibilityGlobals) = postSolution
		SolutionGuid = {4987C7C0-CFA0-4879-BC4C-37028EB505EC}
	EndGlobalSection
EndGlobal
